
Microsoft Visual Studio Solution File, Format Version 12.00
# Visual Studio Version 17
VisualStudioVersion = 17.6.33815.320
MinimumVisualStudioVersion = 10.0.40219.1
Project("{FAE04EC0-301F-11D3-BF4B-00C04F79EFBC}") = "WebApi", "WebApi\WebApi.csproj", "{62D05E12-B6C0-4CA0-A6FD-A17BFEF80B0F}"
EndProject
Project("{2150E333-8FDC-42A3-9474-1A3956D46DE8}") = "01- Common", "01- Common", "{4C82C2BE-E52C-48D8-B5A1-564E1334F7A7}"
EndProject
Project("{2150E333-8FDC-42A3-9474-1A3956D46DE8}") = "02- Model", "02- Model", "{88126453-D6FA-42DE-A492-44803BAAFC6F}"
EndProject
Project("{2150E333-8FDC-42A3-9474-1A3956D46DE8}") = "03- Data Access", "03- Data Access", "{235CFDAD-63E3-4293-851C-D53612B91E80}"
EndProject
Project("{2150E333-8FDC-42A3-9474-1A3956D46DE8}") = "04- Rest Client", "04- Rest Client", "{E96215C1-3474-45CB-BAAB-F4DA592CDBB9}"
EndProject
Project("{2150E333-8FDC-42A3-9474-1A3956D46DE8}") = "05- Business Logic", "05- Business Logic", "{9E0DA47F-0BB4-417D-9243-D937E6C04780}"
EndProject
Project("{2150E333-8FDC-42A3-9474-1A3956D46DE8}") = "06- Web API", "06- Web API", "{C6214E0C-B4BB-4E39-85ED-7A93DC912735}"
EndProject
Project("{FAE04EC0-301F-11D3-BF4B-00C04F79EFBC}") = "Common", "Common\Common.csproj", "{F6CE99E8-6EBA-4D6A-9F10-4C9792193AB4}"
EndProject
Project("{FAE04EC0-301F-11D3-BF4B-00C04F79EFBC}") = "Model", "Model\Model.csproj", "{210766C3-CC18-420E-BC0B-75125A3CF02A}"
EndProject
Project("{FAE04EC0-301F-11D3-BF4B-00C04F79EFBC}") = "Data", "Data\Data.csproj", "{311A61E0-9043-4E4C-AFC5-3450B8CAB9B1}"
EndProject
Project("{FAE04EC0-301F-11D3-BF4B-00C04F79EFBC}") = "Rest", "Rest\Rest.csproj", "{BCEC2936-73AD-4DDF-8C66-D841974BBC52}"
EndProject
Project("{FAE04EC0-301F-11D3-BF4B-00C04F79EFBC}") = "Logic", "Logic\Logic.csproj", "{DB1F50F8-0837-4DB1-85F1-6AF378403188}"
EndProject
Global
	GlobalSection(SolutionConfigurationPlatforms) = preSolution
		Debug|Any CPU = Debug|Any CPU
		Release|Any CPU = Release|Any CPU
	EndGlobalSection
	GlobalSection(ProjectConfigurationPlatforms) = postSolution
		{62D05E12-B6C0-4CA0-A6FD-A17BFEF80B0F}.Debug|Any CPU.ActiveCfg = Debug|Any CPU
		{62D05E12-B6C0-4CA0-A6FD-A17BFEF80B0F}.Debug|Any CPU.Build.0 = Debug|Any CPU
		{62D05E12-B6C0-4CA0-A6FD-A17BFEF80B0F}.Release|Any CPU.ActiveCfg = Release|Any CPU
		{62D05E12-B6C0-4CA0-A6FD-A17BFEF80B0F}.Release|Any CPU.Build.0 = Release|Any CPU
		{F6CE99E8-6EBA-4D6A-9F10-4C9792193AB4}.Debug|Any CPU.ActiveCfg = Debug|Any CPU
		{F6CE99E8-6EBA-4D6A-9F10-4C9792193AB4}.Debug|Any CPU.Build.0 = Debug|Any CPU
		{F6CE99E8-6EBA-4D6A-9F10-4C9792193AB4}.Release|Any CPU.ActiveCfg = Release|Any CPU
		{F6CE99E8-6EBA-4D6A-9F10-4C9792193AB4}.Release|Any CPU.Build.0 = Release|Any CPU
		{210766C3-CC18-420E-BC0B-75125A3CF02A}.Debug|Any CPU.ActiveCfg = Debug|Any CPU
		{210766C3-CC18-420E-BC0B-75125A3CF02A}.Debug|Any CPU.Build.0 = Debug|Any CPU
		{210766C3-CC18-420E-BC0B-75125A3CF02A}.Release|Any CPU.ActiveCfg = Release|Any CPU
		{210766C3-CC18-420E-BC0B-75125A3CF02A}.Release|Any CPU.Build.0 = Release|Any CPU
		{311A61E0-9043-4E4C-AFC5-3450B8CAB9B1}.Debug|Any CPU.ActiveCfg = Debug|Any CPU
		{311A61E0-9043-4E4C-AFC5-3450B8CAB9B1}.Debug|Any CPU.Build.0 = Debug|Any CPU
		{311A61E0-9043-4E4C-AFC5-3450B8CAB9B1}.Release|Any CPU.ActiveCfg = Release|Any CPU
		{311A61E0-9043-4E4C-AFC5-3450B8CAB9B1}.Release|Any CPU.Build.0 = Release|Any CPU
		{BCEC2936-73AD-4DDF-8C66-D841974BBC52}.Debug|Any CPU.ActiveCfg = Debug|Any CPU
		{BCEC2936-73AD-4DDF-8C66-D841974BBC52}.Debug|Any CPU.Build.0 = Debug|Any CPU
		{BCEC2936-73AD-4DDF-8C66-D841974BBC52}.Release|Any CPU.ActiveCfg = Release|Any CPU
		{BCEC2936-73AD-4DDF-8C66-D841974BBC52}.Release|Any CPU.Build.0 = Release|Any CPU
		{DB1F50F8-0837-4DB1-85F1-6AF378403188}.Debug|Any CPU.ActiveCfg = Debug|Any CPU
		{DB1F50F8-0837-4DB1-85F1-6AF378403188}.Debug|Any CPU.Build.0 = Debug|Any CPU
		{DB1F50F8-0837-4DB1-85F1-6AF378403188}.Release|Any CPU.ActiveCfg = Release|Any CPU
		{DB1F50F8-0837-4DB1-85F1-6AF378403188}.Release|Any CPU.Build.0 = Release|Any CPU
	EndGlobalSection
	GlobalSection(SolutionProperties) = preSolution
		HideSolutionNode = FALSE
	EndGlobalSection
	GlobalSection(NestedProjects) = preSolution
		{62D05E12-B6C0-4CA0-A6FD-A17BFEF80B0F} = {C6214E0C-B4BB-4E39-85ED-7A93DC912735}
		{F6CE99E8-6EBA-4D6A-9F10-4C9792193AB4} = {4C82C2BE-E52C-48D8-B5A1-564E1334F7A7}
		{210766C3-CC18-420E-BC0B-75125A3CF02A} = {88126453-D6FA-42DE-A492-44803BAAFC6F}
		{311A61E0-9043-4E4C-AFC5-3450B8CAB9B1} = {235CFDAD-63E3-4293-851C-D53612B91E80}
		{BCEC2936-73AD-4DDF-8C66-D841974BBC52} = {E96215C1-3474-45CB-BAAB-F4DA592CDBB9}
		{DB1F50F8-0837-4DB1-85F1-6AF378403188} = {9E0DA47F-0BB4-417D-9243-D937E6C04780}
	EndGlobalSection
	GlobalSection(ExtensibilityGlobals) = postSolution
		SolutionGuid = {1BED5B9D-4CBB-493C-92BA-833699ACCEC6}
	EndGlobalSection
EndGlobal
